# THIS IS AN AUTOGENERATED FILE. DO NOT EDIT THIS FILE DIRECTLY.
# yarn lockfile v1


"@aptos-labs/aptos-client@^0.0.2":
  version "0.0.2"
  dependencies:
    axios "0.27.2"
    got "^11.0.0"

"@aptos-labs/ts-sdk@0.0.7":
  version "0.0.7"
  dependencies:
    "@aptos-labs/aptos-client" "^0.0.2"
    "@noble/curves" "^1.2.0"
    "@noble/hashes" "^1.3.2"
    "@scure/bip32" "^1.3.2"
    "@scure/bip39" "^1.2.1"
    form-data "^4.0.0"
    tweetnacl "^1.0.3"

"@cspotcode/source-map-support@^0.8.0":
  version "0.8.1"
  dependencies:
    "@jridgewell/trace-mapping" "0.3.9"

"@jridgewell/resolve-uri@^3.0.3":
  version "3.1.1"

"@jridgewell/sourcemap-codec@^1.4.10":
  version "1.4.15"

"@jridgewell/trace-mapping@0.3.9":
  version "0.3.9"
  dependencies:
    "@jridgewell/resolve-uri" "^3.0.3"
    "@jridgewell/sourcemap-codec" "^1.4.10"

"@noble/curves@^1.2.0", "@noble/curves@~1.2.0":
  version "1.2.0"
  dependencies:
    "@noble/hashes" "1.3.2"

"@noble/hashes@^1.3.2", "@noble/hashes@~1.3.0", "@noble/hashes@~1.3.2", "@noble/hashes@1.3.2":
  version "1.3.2"

"@scure/base@~1.1.0", "@scure/base@~1.1.2":
  version "1.1.3"

"@scure/bip32@^1.3.2":
  version "1.3.2"
  dependencies:
    "@noble/curves" "~1.2.0"
    "@noble/hashes" "~1.3.2"
    "@scure/base" "~1.1.2"

"@scure/bip39@^1.2.1":
  version "1.2.1"
  dependencies:
    "@noble/hashes" "~1.3.0"
    "@scure/base" "~1.1.0"

"@sindresorhus/is@^4.0.0":
  version "4.6.0"

"@szmarczak/http-timer@^4.0.5":
  version "4.0.6"
  dependencies:
    defer-to-connect "^2.0.0"

"@tsconfig/node10@^1.0.7":
  version "1.0.9"

"@tsconfig/node12@^1.0.7":
  version "1.0.11"

"@tsconfig/node14@^1.0.0":
  version "1.0.3"

"@tsconfig/node16@^1.0.2":
  version "1.0.4"

"@types/body-parser@*":
  version "1.19.5"
  dependencies:
    "@types/connect" "*"
    "@types/node" "*"

"@types/cacheable-request@^6.0.1":
  version "6.0.3"
  dependencies:
    "@types/http-cache-semantics" "*"
    "@types/keyv" "^3.1.4"
    "@types/node" "*"
    "@types/responselike" "^1.0.0"

"@types/connect@*":
  version "3.4.38"
  dependencies:
    "@types/node" "*"

"@types/cors@^2.8.17":
  version "2.8.17"
  dependencies:
    "@types/node" "*"

"@types/express-serve-static-core@^4.17.33":
  version "4.17.41"
  dependencies:
    "@types/node" "*"
    "@types/qs" "*"
    "@types/range-parser" "*"
    "@types/send" "*"

"@types/express@^4.17.21":
  version "4.17.21"
  dependencies:
    "@types/body-parser" "*"
    "@types/express-serve-static-core" "^4.17.33"
    "@types/qs" "*"
    "@types/serve-static" "*"

"@types/http-cache-semantics@*":
  version "4.0.4"

"@types/http-errors@*":
  version "2.0.4"

"@types/keyv@^3.1.4":
  version "3.1.4"
  dependencies:
    "@types/node" "*"

"@types/mime@*":
  version "3.0.4"

"@types/mime@^1":
  version "1.3.5"

"@types/node@*", "@types/node@^20.10.0":
  version "20.10.3"
  dependencies:
    undici-types "~5.26.4"

"@types/qs@*":
  version "6.9.10"

"@types/range-parser@*":
  version "1.2.7"

"@types/responselike@^1.0.0":
  version "1.0.3"
  dependencies:
    "@types/node" "*"

"@types/send@*":
  version "0.17.4"
  dependencies:
    "@types/mime" "^1"
    "@types/node" "*"

"@types/serve-static@*":
  version "1.15.5"
  dependencies:
    "@types/http-errors" "*"
    "@types/mime" "*"
    "@types/node" "*"

accepts@~1.3.8:
  version "1.3.8"
  dependencies:
    mime-types "~2.1.34"
    negotiator "0.6.3"

acorn-walk@^8.1.1:
  version "8.3.1"

acorn@^8.4.1:
  version "8.11.2"

arg@^4.1.0:
  version "4.1.3"

array-flatten@1.1.1:
  version "1.1.1"

asynckit@^0.4.0:
  version "0.4.0"

axios@0.27.2:
  version "0.27.2"
  dependencies:
    follow-redirects "^1.14.9"
    form-data "^4.0.0"

body-parser@1.20.1:
  version "1.20.1"
  dependencies:
    bytes "3.1.2"
    content-type "~1.0.4"
    debug "2.6.9"
    depd "2.0.0"
    destroy "1.2.0"
    http-errors "2.0.0"
    iconv-lite "0.4.24"
    on-finished "2.4.1"
    qs "6.11.0"
    raw-body "2.5.1"
    type-is "~1.6.18"
    unpipe "1.0.0"

bytes@3.1.2:
  version "3.1.2"

cacheable-lookup@^5.0.3:
  version "5.0.4"

cacheable-request@^7.0.2:
  version "7.0.4"
  dependencies:
    clone-response "^1.0.2"
    get-stream "^5.1.0"
    http-cache-semantics "^4.0.0"
    keyv "^4.0.0"
    lowercase-keys "^2.0.0"
    normalize-url "^6.0.1"
    responselike "^2.0.0"

call-bind@^1.0.0:
  version "1.0.5"
  dependencies:
    function-bind "^1.1.2"
    get-intrinsic "^1.2.1"
    set-function-length "^1.1.1"

clone-response@^1.0.2:
  version "1.0.3"
  dependencies:
    mimic-response "^1.0.0"

combined-stream@^1.0.8:
  version "1.0.8"
  dependencies:
    delayed-stream "~1.0.0"

content-disposition@0.5.4:
  version "0.5.4"
  dependencies:
    safe-buffer "5.2.1"

content-type@~1.0.4:
  version "1.0.5"

cookie-signature@1.0.6:
  version "1.0.6"

cookie@0.5.0:
  version "0.5.0"

cors@^2.8.5:
  version "2.8.5"
  dependencies:
    object-assign "^4"
    vary "^1"

create-require@^1.1.0:
  version "1.1.1"

debug@2.6.9:
  version "2.6.9"
  dependencies:
    ms "2.0.0"

decompress-response@^6.0.0:
  version "6.0.0"
  dependencies:
    mimic-response "^3.1.0"

defer-to-connect@^2.0.0:
  version "2.0.1"

define-data-property@^1.1.1:
  version "1.1.1"
  dependencies:
    get-intrinsic "^1.2.1"
    gopd "^1.0.1"
    has-property-descriptors "^1.0.0"

delayed-stream@~1.0.0:
  version "1.0.0"

depd@2.0.0:
  version "2.0.0"

destroy@1.2.0:
  version "1.2.0"

diff@^4.0.1:
  version "4.0.2"

ee-first@1.1.1:
  version "1.1.1"

encodeurl@~1.0.2:
  version "1.0.2"

end-of-stream@^1.1.0:
  version "1.4.4"
  dependencies:
    once "^1.4.0"

escape-html@~1.0.3:
  version "1.0.3"

etag@~1.8.1:
  version "1.8.1"

express@^4.18.2:
  version "4.18.2"
  dependencies:
    accepts "~1.3.8"
    array-flatten "1.1.1"
    body-parser "1.20.1"
    content-disposition "0.5.4"
    content-type "~1.0.4"
    cookie "0.5.0"
    cookie-signature "1.0.6"
    debug "2.6.9"
    depd "2.0.0"
    encodeurl "~1.0.2"
    escape-html "~1.0.3"
    etag "~1.8.1"
    finalhandler "1.2.0"
    fresh "0.5.2"
    http-errors "2.0.0"
    merge-descriptors "1.0.1"
    methods "~1.1.2"
    on-finished "2.4.1"
    parseurl "~1.3.3"
    path-to-regexp "0.1.7"
    proxy-addr "~2.0.7"
    qs "6.11.0"
    range-parser "~1.2.1"
    safe-buffer "5.2.1"
    send "0.18.0"
    serve-static "1.15.0"
    setprototypeof "1.2.0"
    statuses "2.0.1"
    type-is "~1.6.18"
    utils-merge "1.0.1"
    vary "~1.1.2"

finalhandler@1.2.0:
  version "1.2.0"
  dependencies:
    debug "2.6.9"
    encodeurl "~1.0.2"
    escape-html "~1.0.3"
    on-finished "2.4.1"
    parseurl "~1.3.3"
    statuses "2.0.1"
    unpipe "~1.0.0"

follow-redirects@^1.14.9:
  version "1.15.3"

form-data@^4.0.0:
  version "4.0.0"
  dependencies:
    asynckit "^0.4.0"
    combined-stream "^1.0.8"
    mime-types "^2.1.12"

forwarded@0.2.0:
  version "0.2.0"

fresh@0.5.2:
  version "0.5.2"

function-bind@^1.1.2:
  version "1.1.2"

get-intrinsic@^1.0.2, get-intrinsic@^1.1.3, get-intrinsic@^1.2.1, get-intrinsic@^1.2.2:
  version "1.2.2"
  dependencies:
    function-bind "^1.1.2"
    has-proto "^1.0.1"
    has-symbols "^1.0.3"
    hasown "^2.0.0"

get-stream@^5.1.0:
  version "5.2.0"
  dependencies:
    pump "^3.0.0"

gopd@^1.0.1:
  version "1.0.1"
  dependencies:
    get-intrinsic "^1.1.3"

got@^11.0.0:
  version "11.8.6"
  dependencies:
    "@sindresorhus/is" "^4.0.0"
    "@szmarczak/http-timer" "^4.0.5"
    "@types/cacheable-request" "^6.0.1"
    "@types/responselike" "^1.0.0"
    cacheable-lookup "^5.0.3"
    cacheable-request "^7.0.2"
    decompress-response "^6.0.0"
    http2-wrapper "^1.0.0-beta.5.2"
    lowercase-keys "^2.0.0"
    p-cancelable "^2.0.0"
    responselike "^2.0.0"

has-property-descriptors@^1.0.0:
  version "1.0.1"
  dependencies:
    get-intrinsic "^1.2.2"

has-proto@^1.0.1:
  version "1.0.1"

has-symbols@^1.0.3:
  version "1.0.3"

hasown@^2.0.0:
  version "2.0.0"
  dependencies:
    function-bind "^1.1.2"

http-cache-semantics@^4.0.0:
  version "4.1.1"

http-errors@2.0.0:
  version "2.0.0"
  dependencies:
    depd "2.0.0"
    inherits "2.0.4"
    setprototypeof "1.2.0"
    statuses "2.0.1"
    toidentifier "1.0.1"

http2-wrapper@^1.0.0-beta.5.2:
  version "1.0.3"
  dependencies:
    quick-lru "^5.1.1"
    resolve-alpn "^1.0.0"

iconv-lite@0.4.24:
  version "0.4.24"
  dependencies:
    safer-buffer ">= 2.1.2 < 3"

inherits@2.0.4:
  version "2.0.4"

ipaddr.js@1.9.1:
  version "1.9.1"

json-buffer@3.0.1:
  version "3.0.1"

keyv@^4.0.0:
  version "4.5.4"
  dependencies:
    json-buffer "3.0.1"

lowercase-keys@^2.0.0:
  version "2.0.0"

make-error@^1.1.1:
  version "1.3.6"

media-typer@0.3.0:
  version "0.3.0"

merge-descriptors@1.0.1:
  version "1.0.1"

methods@~1.1.2:
  version "1.1.2"

mime-db@1.52.0:
  version "1.52.0"

mime-types@^2.1.12, mime-types@~2.1.24, mime-types@~2.1.34:
  version "2.1.35"
  dependencies:
    mime-db "1.52.0"

mime@1.6.0:
  version "1.6.0"

mimic-response@^1.0.0:
  version "1.0.1"

mimic-response@^3.1.0:
  version "3.1.0"

ms@2.0.0:
  version "2.0.0"

ms@2.1.3:
  version "2.1.3"

negotiator@0.6.3:
  version "0.6.3"

normalize-url@^6.0.1:
  version "6.1.0"

object-assign@^4:
  version "4.1.1"

object-inspect@^1.9.0:
  version "1.13.1"

on-finished@2.4.1:
  version "2.4.1"
  dependencies:
    ee-first "1.1.1"

once@^1.3.1, once@^1.4.0:
  version "1.4.0"
  dependencies:
    wrappy "1"

p-cancelable@^2.0.0:
  version "2.1.1"

parseurl@~1.3.3:
  version "1.3.3"

path-to-regexp@0.1.7:
  version "0.1.7"

proxy-addr@~2.0.7:
  version "2.0.7"
  dependencies:
    forwarded "0.2.0"
    ipaddr.js "1.9.1"

pump@^3.0.0:
  version "3.0.0"
  dependencies:
    end-of-stream "^1.1.0"
    once "^1.3.1"

qs@6.11.0:
  version "6.11.0"
  dependencies:
    side-channel "^1.0.4"

quick-lru@^5.1.1:
  version "5.1.1"

range-parser@~1.2.1:
  version "1.2.1"

raw-body@2.5.1:
  version "2.5.1"
  dependencies:
    bytes "3.1.2"
    http-errors "2.0.0"
    iconv-lite "0.4.24"
    unpipe "1.0.0"

resolve-alpn@^1.0.0:
  version "1.2.1"

responselike@^2.0.0:
  version "2.0.1"
  dependencies:
    lowercase-keys "^2.0.0"

safe-buffer@5.2.1:
  version "5.2.1"

"safer-buffer@>= 2.1.2 < 3":
  version "2.1.2"

send@0.18.0:
  version "0.18.0"
  dependencies:
    debug "2.6.9"
    depd "2.0.0"
    destroy "1.2.0"
    encodeurl "~1.0.2"
    escape-html "~1.0.3"
    etag "~1.8.1"
    fresh "0.5.2"
    http-errors "2.0.0"
    mime "1.6.0"
    ms "2.1.3"
    on-finished "2.4.1"
    range-parser "~1.2.1"
    statuses "2.0.1"

serve-static@1.15.0:
  version "1.15.0"
  dependencies:
    encodeurl "~1.0.2"
    escape-html "~1.0.3"
    parseurl "~1.3.3"
    send "0.18.0"

set-function-length@^1.1.1:
  version "1.1.1"
  dependencies:
    define-data-property "^1.1.1"
    get-intrinsic "^1.2.1"
    gopd "^1.0.1"
    has-property-descriptors "^1.0.0"

setprototypeof@1.2.0:
  version "1.2.0"

side-channel@^1.0.4:
  version "1.0.4"
  dependencies:
    call-bind "^1.0.0"
    get-intrinsic "^1.0.2"
    object-inspect "^1.9.0"

statuses@2.0.1:
  version "2.0.1"

toidentifier@1.0.1:
  version "1.0.1"

ts-node@^10.9.1:
  version "10.9.1"
  dependencies:
    "@cspotcode/source-map-support" "^0.8.0"
    "@tsconfig/node10" "^1.0.7"
    "@tsconfig/node12" "^1.0.7"
    "@tsconfig/node14" "^1.0.0"
    "@tsconfig/node16" "^1.0.2"
    acorn "^8.4.1"
    acorn-walk "^8.1.1"
    arg "^4.1.0"
    create-require "^1.1.0"
    diff "^4.0.1"
    make-error "^1.1.1"
    v8-compile-cache-lib "^3.0.1"
    yn "3.1.1"

tweetnacl@^1.0.3:
  version "1.0.3"

type-is@~1.6.18:
  version "1.6.18"
  dependencies:
    media-typer "0.3.0"
    mime-types "~2.1.24"

typescript@^5.3.2, typescript@>=2.7:
  version "5.3.3"

undici-types@~5.26.4:
  version "5.26.5"

unpipe@~1.0.0, unpipe@1.0.0:
  version "1.0.0"

utils-merge@1.0.1:
  version "1.0.1"

v8-compile-cache-lib@^3.0.1:
  version "3.0.1"

vary@^1, vary@~1.1.2:
  version "1.1.2"

wrappy@1:
  version "1.0.2"

yn@3.1.1:
  version "3.1.1"
